<?xml version="1.0" encoding="utf-8"?>
<Project ToolsVersion="4.0" xmlns="http://schemas.microsoft.com/developer/msbuild/2003">
  <ItemGroup>
    <Filter Include="Source Files">
      <UniqueIdentifier>{4FC737F1-C7A5-4376-A066-2A32D752A2FF}</UniqueIdentifier>
      <Extensions>cpp;c;cc;cxx;c++;cppm;ixx;def;odl;idl;hpj;bat;asm;asmx</Extensions>
    </Filter>
    <Filter Include="Header Files">
      <UniqueIdentifier>{93995380-89BD-4b04-88EB-625FBE52EBFB}</UniqueIdentifier>
      <Extensions>h;hh;hpp;hxx;h++;hm;inl;inc;ipp;xsd</Extensions>
    </Filter>
    <Filter Include="Resource Files">
      <UniqueIdentifier>{67DA6AB6-F800-4c08-8B7A-83BB121AAD01}</UniqueIdentifier>
      <Extensions>rc;ico;cur;bmp;dlg;rc2;rct;bin;rgs;gif;jpg;jpeg;jpe;resx;tiff;tif;png;wav;mfcribbon-ms</Extensions>
    </Filter>
    <Filter Include="Source Files\UserCreatedFiles">
      <UniqueIdentifier>{335d230b-1e66-4359-84a8-462423f3c0cc}</UniqueIdentifier>
    </Filter>
    <Filter Include="Header Files\UserCreatedFiles">
      <UniqueIdentifier>{46b72511-26bc-4a20-ab34-fdd1dda3d31e}</UniqueIdentifier>
    </Filter>
    <Filter Include="Source Files\Engine_DirectX12">
      <UniqueIdentifier>{7ef44382-d726-43f1-b5ea-2b7c00454741}</UniqueIdentifier>
    </Filter>
    <Filter Include="Header Files\Engine_DirectX12">
      <UniqueIdentifier>{cdb1358b-ac96-4c7b-90e5-cf1878e38dcf}</UniqueIdentifier>
    </Filter>
  </ItemGroup>
  <ItemGroup>
    <ClCompile Include="src\main.cpp">
      <Filter>Source Files</Filter>
    </ClCompile>
    <ClCompile Include="src\UserApp.cpp">
      <Filter>Source Files\UserCreatedFiles</Filter>
    </ClCompile>
    <ClCompile Include="src\WindowsSystem.cpp">
      <Filter>Source Files</Filter>
    </ClCompile>
    <ClCompile Include="src\GameWindow.cpp">
      <Filter>Source Files</Filter>
    </ClCompile>
  </ItemGroup>
  <ItemGroup>
    <ClInclude Include="src\UserApp.h">
      <Filter>Header Files\UserCreatedFiles</Filter>
    </ClInclude>
    <ClInclude Include="src\WindowsSystem.h">
      <Filter>Header Files</Filter>
    </ClInclude>
    <ClInclude Include="src\GameWindow.h">
      <Filter>Header Files</Filter>
    </ClInclude>
  </ItemGroup>
</Project>